
Microsoft Visual Studio Solution File, Format Version 12.00
# Visual Studio 15
VisualStudioVersion = 15.0.27004.2010
MinimumVisualStudioVersion = 10.0.40219.1
Project("{9A19103F-16F7-4668-BE54-9A1E7A4F7556}") = "Main", "Main\Main.csproj", "{64B96A86-00FD-4896-81F7-B541878DCF57}"
EndProject
Global
	GlobalSection(SolutionConfigurationPlatforms) = preSolution
		Debug|Any CPU = Debug|Any CPU
		Release|Any CPU = Release|Any CPU
	EndGlobalSection
	GlobalSection(ProjectConfigurationPlatforms) = postSolution
		{64B96A86-00FD-4896-81F7-B541878DCF57}.Debug|Any CPU.ActiveCfg = Debug|Any CPU
		{64B96A86-00FD-4896-81F7-B541878DCF57}.Debug|Any CPU.Build.0 = Debug|Any CPU
		{64B96A86-00FD-4896-81F7-B541878DCF57}.Release|Any CPU.ActiveCfg = Release|Any CPU
		{64B96A86-00FD-4896-81F7-B541878DCF57}.Release|Any CPU.Build.0 = Release|Any CPU
	EndGlobalSection
	GlobalSection(SolutionProperties) = preSolution
		HideSolutionNode = FALSE
	EndGlobalSection
	GlobalSection(ExtensibilityGlobals) = postSolution
		SolutionGuid = {49C18F06-5D28-467E-A448-8CFE1C9B7B7C}
	EndGlobalSection
EndGlobal
